
Microsoft Visual Studio Solution File, Format Version 12.00
# Visual Studio Version 16
VisualStudioVersion = 25.0.1704.0
MinimumVisualStudioVersion = 10.0.40219.1
Project("{FAE04EC0-301F-11D3-BF4B-00C04F79EFBC}") = "AiForms.Maui.Dialogs", "AiForms.Maui.Dialogs\AiForms.Maui.Dialogs.csproj", "{06F08393-6D18-4C04-A94C-40A0C5ACA3D9}"
EndProject
Project("{FAE04EC0-301F-11D3-BF4B-00C04F79EFBC}") = "Sample", "Sample\Sample.csproj", "{93BF2E7D-789A-412C-B7D8-02B8F763FC9E}"
EndProject
Project("{2150E333-8FDC-42A3-9474-1A3956D46DE8}") = "Documents", "Documents", "{B37FBEEB-B4CA-46CE-A271-0B4D7685F2EA}"
	ProjectSection(SolutionItems) = preProject
		LICENSE.txt = LICENSE.txt
		README-ja.md = README-ja.md
		README.md = README.md
		AzurePipelines.nuspec = AzurePipelines.nuspec
	EndProjectSection
EndProject
Global
	GlobalSection(SolutionConfigurationPlatforms) = preSolution
		Debug|Any CPU = Debug|Any CPU
		Release|Any CPU = Release|Any CPU
	EndGlobalSection
	GlobalSection(ProjectConfigurationPlatforms) = postSolution
		{06F08393-6D18-4C04-A94C-40A0C5ACA3D9}.Debug|Any CPU.ActiveCfg = Debug|Any CPU
		{06F08393-6D18-4C04-A94C-40A0C5ACA3D9}.Debug|Any CPU.Build.0 = Debug|Any CPU
		{06F08393-6D18-4C04-A94C-40A0C5ACA3D9}.Release|Any CPU.ActiveCfg = Release|Any CPU
		{06F08393-6D18-4C04-A94C-40A0C5ACA3D9}.Release|Any CPU.Build.0 = Release|Any CPU
		{93BF2E7D-789A-412C-B7D8-02B8F763FC9E}.Debug|Any CPU.ActiveCfg = Debug|Any CPU
		{93BF2E7D-789A-412C-B7D8-02B8F763FC9E}.Debug|Any CPU.Build.0 = Debug|Any CPU
		{93BF2E7D-789A-412C-B7D8-02B8F763FC9E}.Release|Any CPU.ActiveCfg = Release|Any CPU
		{93BF2E7D-789A-412C-B7D8-02B8F763FC9E}.Release|Any CPU.Build.0 = Release|Any CPU
	EndGlobalSection
	GlobalSection(SolutionProperties) = preSolution
		HideSolutionNode = FALSE
	EndGlobalSection
	GlobalSection(ExtensibilityGlobals) = postSolution
		SolutionGuid = {C345BECD-E648-48AB-9FC7-3441254E69A1}
	EndGlobalSection
EndGlobal
